
Microsoft Visual Studio Solution File, Format Version 12.00
# Visual Studio Version 17
VisualStudioVersion = 17.13.35806.99 d17.13
MinimumVisualStudioVersion = 10.0.40219.1
Project("{FAE04EC0-301F-11D3-BF4B-00C04F79EFBC}") = "odev-3-abstraction-alperen", "odev-3-abstraction-alperen\odev-3-abstraction-alperen.csproj", "{A42BCD43-5677-4758-8C81-9647508900C7}"
EndProject
Global
	GlobalSection(SolutionConfigurationPlatforms) = preSolution
		Debug|Any CPU = Debug|Any CPU
		Release|Any CPU = Release|Any CPU
	EndGlobalSection
	GlobalSection(ProjectConfigurationPlatforms) = postSolution
		{A42BCD43-5677-4758-8C81-9647508900C7}.Debug|Any CPU.ActiveCfg = Debug|Any CPU
		{A42BCD43-5677-4758-8C81-9647508900C7}.Debug|Any CPU.Build.0 = Debug|Any CPU
		{A42BCD43-5677-4758-8C81-9647508900C7}.Release|Any CPU.ActiveCfg = Release|Any CPU
		{A42BCD43-5677-4758-8C81-9647508900C7}.Release|Any CPU.Build.0 = Release|Any CPU
	EndGlobalSection
	GlobalSection(SolutionProperties) = preSolution
		HideSolutionNode = FALSE
	EndGlobalSection
	GlobalSection(ExtensibilityGlobals) = postSolution
		SolutionGuid = {B06679B6-82D9-4126-AFB0-000001E4BFFD}
	EndGlobalSection
EndGlobal
